
Microsoft Visual Studio Solution File, Format Version 12.00
# Visual Studio Version 16
VisualStudioVersion = 16.0.29418.71
MinimumVisualStudioVersion = 10.0.40219.1
Project("{8BC9CEB8-8B4A-11D0-8D11-00A0C91BC942}") = "ea_test", "ea_test.vcxproj", "{91289D0E-0A3B-4F9D-BA7D-B6D222ACACC7}"
EndProject
Global
	GlobalSection(SolutionConfigurationPlatforms) = preSolution
		Debug|x64 = Debug|x64
		Debug|x86 = Debug|x86
		Release|x64 = Release|x64
		Release|x86 = Release|x86
	EndGlobalSection
	GlobalSection(ProjectConfigurationPlatforms) = postSolution
		{91289D0E-0A3B-4F9D-BA7D-B6D222ACACC7}.Debug|x64.ActiveCfg = Debug|x64
		{91289D0E-0A3B-4F9D-BA7D-B6D222ACACC7}.Debug|x64.Build.0 = Debug|x64
		{91289D0E-0A3B-4F9D-BA7D-B6D222ACACC7}.Debug|x86.ActiveCfg = Debug|Win32
		{91289D0E-0A3B-4F9D-BA7D-B6D222ACACC7}.Debug|x86.Build.0 = Debug|Win32
		{91289D0E-0A3B-4F9D-BA7D-B6D222ACACC7}.Release|x64.ActiveCfg = Release|x64
		{91289D0E-0A3B-4F9D-BA7D-B6D222ACACC7}.Release|x64.Build.0 = Release|x64
		{91289D0E-0A3B-4F9D-BA7D-B6D222ACACC7}.Release|x86.ActiveCfg = Release|Win32
		{91289D0E-0A3B-4F9D-BA7D-B6D222ACACC7}.Release|x86.Build.0 = Release|Win32
	EndGlobalSection
	GlobalSection(SolutionProperties) = preSolution
		HideSolutionNode = FALSE
	EndGlobalSection
	GlobalSection(ExtensibilityGlobals) = postSolution
		SolutionGuid = {5F5D99F3-7638-4324-AEE5-92B389F6DFD2}
	EndGlobalSection
EndGlobal
